// !$*UTF8*$!
{
	archiveVersion = 1;
	classes = {
	};
	objectVersion = 56;
	objects = {

/* Begin PBXBuildFile section */
				FB2DA33A388A4E8596121D66 /* Models.swift in Sources */ = {isa = PBXBuildFile; fileRef = 8326BF042D76456AB9676156 /* Models.swift */; };
		D3B9BC04562F4DC2AA5509A6 /* DesignSystem.swift in Sources */ = {isa = PBXBuildFile; fileRef = 17E574B7331F4475B16CC22C /* DesignSystem.swift */; };
		0F1E2D3C4B5A69788796A5B6 /* AppConfiguration.swift in Sources */ = {isa = PBXBuildFile; fileRef = 0F1E2D3C4B5A69788796A5B5 /* AppConfiguration.swift */; };
		0AEAE7CC5FD8441E974D7073 /* APIClient.swift in Sources */ = {isa = PBXBuildFile; fileRef = A809BB9D7E8F4080B8F68A57 /* APIClient.swift */; };
		0F1E2D3C4B5A69788796A5B4 /* LocationService.swift in Sources */ = {isa = PBXBuildFile; fileRef = 0F1E2D3C4B5A69788796A5B3 /* LocationService.swift */; };
		C1A2B3D4E5F607182939A4B5 /* KeychainStore.swift in Sources */ = {isa = PBXBuildFile; fileRef = C1A2B3D4E5F607182939A4B4 /* KeychainStore.swift */; };
		D1A2B3D4E5F607182939A001 /* Polished.swift in Sources */ = {isa = PBXBuildFile; fileRef = D1A2B3D4E5F607182939A101 /* Polished.swift */; };
		D1A2B3D4E5F607182939A002 /* WalletView.swift in Sources */ = {isa = PBXBuildFile; fileRef = D1A2B3D4E5F607182939A102 /* WalletView.swift */; };
		D1A2B3D4E5F607182939A003 /* TripHistoryView.swift in Sources */ = {isa = PBXBuildFile; fileRef = D1A2B3D4E5F607182939A103 /* TripHistoryView.swift */; };
		D1A2B3D4E5F607182939A004 /* ReceiptView.swift in Sources */ = {isa = PBXBuildFile; fileRef = D1A2B3D4E5F607182939A104 /* ReceiptView.swift */; };
		D1A2B3D4E5F607182939A005 /* BookingConfirmedView.swift in Sources */ = {isa = PBXBuildFile; fileRef = D1A2B3D4E5F607182939A105 /* BookingConfirmedView.swift */; };
		D1A2B3D4E5F607182939A006 /* NotificationsView.swift in Sources */ = {isa = PBXBuildFile; fileRef = D1A2B3D4E5F607182939A106 /* NotificationsView.swift */; };
		D1A2B3D4E5F607182939A007 /* RateRideView.swift in Sources */ = {isa = PBXBuildFile; fileRef = D1A2B3D4E5F607182939A107 /* RateRideView.swift */; };
		D1A2B3D4E5F607182939A008 /* SearchFiltersView.swift in Sources */ = {isa = PBXBuildFile; fileRef = D1A2B3D4E5F607182939A108 /* SearchFiltersView.swift */; };
		8C72B5DB38434FC7B1D2AACF /* AppStore.swift in Sources */ = {isa = PBXBuildFile; fileRef = AC7DA9910E6D4CA595C6D018 /* AppStore.swift */; };
		7835DE983BEB46AEAD50F593 /* AuthViews.swift in Sources */ = {isa = PBXBuildFile; fileRef = BFAA646ED2A14D74B6F1D3F3 /* AuthViews.swift */; };
		87F1C5DB4A68483A85FCE63E /* FindCommuteRoutesView.swift in Sources */ = {isa = PBXBuildFile; fileRef = 123335A343CD4FE28C4A4A15 /* FindCommuteRoutesView.swift */; };
		432FC1B12BEC4ADF94D17EC6 /* RouteDetailsView.swift in Sources */ = {isa = PBXBuildFile; fileRef = FF64891677064CC782317447 /* RouteDetailsView.swift */; };
		F5D9BCE52222467ABF2F6B7F /* SubscriptionsCalendarViews.swift in Sources */ = {isa = PBXBuildFile; fileRef = BB4DBF8769834603B3305C94 /* SubscriptionsCalendarViews.swift */; };
		A9A84658A0F84E90A455AA7D /* DriverViews.swift in Sources */ = {isa = PBXBuildFile; fileRef = D677B91474B545D29D9021EE /* DriverViews.swift */; };
		1D03BA0BB1954F6AAC480339 /* InboxViews.swift in Sources */ = {isa = PBXBuildFile; fileRef = 2680833C414747629762255E /* InboxViews.swift */; };
		D4248259CEB249D09527745C /* ProfileViews.swift in Sources */ = {isa = PBXBuildFile; fileRef = 62D381ED090343EAADD8D29E /* ProfileViews.swift */; };
		07D37C2480054FB6B660CB1A /* Navigation.swift in Sources */ = {isa = PBXBuildFile; fileRef = 01382652F995463C8E4271A4 /* Navigation.swift */; };
1A2B3C4D5E6F708190A0B0C1 /* TravelComposeApp.swift in Sources */ = {isa = PBXBuildFile; fileRef = 1A2B3C4D5E6F708190A0B0C0 /* TravelComposeApp.swift */; };
		1A2B3C4D5E6F708190A0B0C3 /* Assets.xcassets in Resources */ = {isa = PBXBuildFile; fileRef = 1A2B3C4D5E6F708190A0B0C2 /* Assets.xcassets */; };
/* End PBXBuildFile section */

/* Begin PBXFileReference section */
				8326BF042D76456AB9676156 /* Models.swift */ = {isa = PBXFileReference; lastKnownFileType = sourcecode.swift; path = Models.swift; sourceTree = "<group>"; };
		17E574B7331F4475B16CC22C /* DesignSystem.swift */ = {isa = PBXFileReference; lastKnownFileType = sourcecode.swift; path = DesignSystem.swift; sourceTree = "<group>"; };
		0F1E2D3C4B5A69788796A5B5 /* AppConfiguration.swift */ = {isa = PBXFileReference; lastKnownFileType = sourcecode.swift; path = AppConfiguration.swift; sourceTree = "<group>"; };
		A809BB9D7E8F4080B8F68A57 /* APIClient.swift */ = {isa = PBXFileReference; lastKnownFileType = sourcecode.swift; path = APIClient.swift; sourceTree = "<group>"; };
		0F1E2D3C4B5A69788796A5B3 /* LocationService.swift */ = {isa = PBXFileReference; lastKnownFileType = sourcecode.swift; path = LocationService.swift; sourceTree = "<group>"; };
		C1A2B3D4E5F607182939A4B4 /* KeychainStore.swift */ = {isa = PBXFileReference; lastKnownFileType = sourcecode.swift; path = KeychainStore.swift; sourceTree = "<group>"; };
		D1A2B3D4E5F607182939A101 /* Polished.swift */ = {isa = PBXFileReference; lastKnownFileType = sourcecode.swift; path = Polished.swift; sourceTree = "<group>"; };
		D1A2B3D4E5F607182939A102 /* WalletView.swift */ = {isa = PBXFileReference; lastKnownFileType = sourcecode.swift; path = WalletView.swift; sourceTree = "<group>"; };
		D1A2B3D4E5F607182939A103 /* TripHistoryView.swift */ = {isa = PBXFileReference; lastKnownFileType = sourcecode.swift; path = TripHistoryView.swift; sourceTree = "<group>"; };
		D1A2B3D4E5F607182939A104 /* ReceiptView.swift */ = {isa = PBXFileReference; lastKnownFileType = sourcecode.swift; path = ReceiptView.swift; sourceTree = "<group>"; };
		D1A2B3D4E5F607182939A105 /* BookingConfirmedView.swift */ = {isa = PBXFileReference; lastKnownFileType = sourcecode.swift; path = BookingConfirmedView.swift; sourceTree = "<group>"; };
		D1A2B3D4E5F607182939A106 /* NotificationsView.swift */ = {isa = PBXFileReference; lastKnownFileType = sourcecode.swift; path = NotificationsView.swift; sourceTree = "<group>"; };
		D1A2B3D4E5F607182939A107 /* RateRideView.swift */ = {isa = PBXFileReference; lastKnownFileType = sourcecode.swift; path = RateRideView.swift; sourceTree = "<group>"; };
		D1A2B3D4E5F607182939A108 /* SearchFiltersView.swift */ = {isa = PBXFileReference; lastKnownFileType = sourcecode.swift; path = SearchFiltersView.swift; sourceTree = "<group>"; };
		AC7DA9910E6D4CA595C6D018 /* AppStore.swift */ = {isa = PBXFileReference; lastKnownFileType = sourcecode.swift; path = AppStore.swift; sourceTree = "<group>"; };
		BFAA646ED2A14D74B6F1D3F3 /* AuthViews.swift */ = {isa = PBXFileReference; lastKnownFileType = sourcecode.swift; path = AuthViews.swift; sourceTree = "<group>"; };
		123335A343CD4FE28C4A4A15 /* FindCommuteRoutesView.swift */ = {isa = PBXFileReference; lastKnownFileType = sourcecode.swift; path = FindCommuteRoutesView.swift; sourceTree = "<group>"; };
		FF64891677064CC782317447 /* RouteDetailsView.swift */ = {isa = PBXFileReference; lastKnownFileType = sourcecode.swift; path = RouteDetailsView.swift; sourceTree = "<group>"; };
		BB4DBF8769834603B3305C94 /* SubscriptionsCalendarViews.swift */ = {isa = PBXFileReference; lastKnownFileType = sourcecode.swift; path = SubscriptionsCalendarViews.swift; sourceTree = "<group>"; };
		D677B91474B545D29D9021EE /* DriverViews.swift */ = {isa = PBXFileReference; lastKnownFileType = sourcecode.swift; path = DriverViews.swift; sourceTree = "<group>"; };
		2680833C414747629762255E /* InboxViews.swift */ = {isa = PBXFileReference; lastKnownFileType = sourcecode.swift; path = InboxViews.swift; sourceTree = "<group>"; };
		62D381ED090343EAADD8D29E /* ProfileViews.swift */ = {isa = PBXFileReference; lastKnownFileType = sourcecode.swift; path = ProfileViews.swift; sourceTree = "<group>"; };
		01382652F995463C8E4271A4 /* Navigation.swift */ = {isa = PBXFileReference; lastKnownFileType = sourcecode.swift; path = Navigation.swift; sourceTree = "<group>"; };
1A2B3C4D5E6F708190A0B0C0 /* TravelComposeApp.swift */ = {isa = PBXFileReference; lastKnownFileType = sourcecode.swift; path = TravelComposeApp.swift; sourceTree = "<group>"; };
		1A2B3C4D5E6F708190A0B0C2 /* Assets.xcassets */ = {isa = PBXFileReference; lastKnownFileType = folder.assetcatalog; path = Assets.xcassets; sourceTree = "<group>"; };
		1A2B3C4D5E6F708190A0B0C4 /* TravelComposeApp.app */ = {isa = PBXFileReference; explicitFileType = wrapper.application; includeInIndex = 0; path = TravelComposeApp.app; sourceTree = BUILT_PRODUCTS_DIR; };
/* End PBXFileReference section */

/* Begin PBXFrameworksBuildPhase section */
		1A2B3C4D5E6F708190A0B0C5 /* Frameworks */ = {
			isa = PBXFrameworksBuildPhase;
			buildActionMask = 2147483647;
			files = (
			);
			runOnlyForDeploymentPostprocessing = 0;
		};
/* End PBXFrameworksBuildPhase section */

/* Begin PBXGroup section */
		1A2B3C4D5E6F708190A0B0C6 = {
			isa = PBXGroup;
			children = (
				1A2B3C4D5E6F708190A0B0C7 /* TravelComposeApp */,
				1A2B3C4D5E6F708190A0B0C8 /* Products */,
			);
			sourceTree = "<group>";
		};
		1A2B3C4D5E6F708190A0B0C7 /* TravelComposeApp */ = {
			isa = PBXGroup;
			children = (
				56B803DDB6574F3B8BA6598C /* App */,
				B3681DADDEFA4041AE1CDC13 /* Core */,
				20919291E6064F3BBBE16F4E /* Models */,
				291FE55741024D9984A0B558 /* Services */,
				8A68D56A52AC40A486194C16 /* Features */,
				1A2B3C4D5E6F708190A0B0C2 /* Assets.xcassets */,
			);
			path = TravelComposeApp;
			sourceTree = "<group>";
		};
		56B803DDB6574F3B8BA6598C /* App */ = {
			isa = PBXGroup;
			children = (
				1A2B3C4D5E6F708190A0B0C0 /* TravelComposeApp.swift */,
				01382652F995463C8E4271A4 /* Navigation.swift */,
			);
			path = App;
			sourceTree = "<group>";
		};
		B3681DADDEFA4041AE1CDC13 /* Core */ = {
			isa = PBXGroup;
			children = (
				0F1E2D3C4B5A69788796A5B5 /* AppConfiguration.swift */,
				AC7DA9910E6D4CA595C6D018 /* AppStore.swift */,
				17E574B7331F4475B16CC22C /* DesignSystem.swift */,
				D1A2B3D4E5F607182939A101 /* Polished.swift */,
			);
			path = Core;
			sourceTree = "<group>";
		};
		20919291E6064F3BBBE16F4E /* Models */ = {
			isa = PBXGroup;
			children = (
				8326BF042D76456AB9676156 /* Models.swift */,
			);
			path = Models;
			sourceTree = "<group>";
		};
		291FE55741024D9984A0B558 /* Services */ = {
			isa = PBXGroup;
			children = (
				A809BB9D7E8F4080B8F68A57 /* APIClient.swift */,
				0F1E2D3C4B5A69788796A5B3 /* LocationService.swift */,
				C1A2B3D4E5F607182939A4B4 /* KeychainStore.swift */,
			);
			path = Services;
			sourceTree = "<group>";
		};
		8A68D56A52AC40A486194C16 /* Features */ = {
			isa = PBXGroup;
			children = (
				A1ED6517D17B4A11BF8DC4BD /* Auth */,
				E2F1F11FDE2A4B948345B3F8 /* Commute */,
				781A9A6B86934889B5D6A777 /* Driver */,
				84431575C694410091DD6F97 /* Inbox */,
				A5786BD3D17F4E019566B119 /* Profile */,
				D2A2B3D4E5F607182939A001 /* Money */,
				D2A2B3D4E5F607182939A002 /* System */,
			);
			path = Features;
			sourceTree = "<group>";
		};
		D2A2B3D4E5F607182939A001 /* Money */ = {
			isa = PBXGroup;
			children = (
				D1A2B3D4E5F607182939A102 /* WalletView.swift */,
				D1A2B3D4E5F607182939A103 /* TripHistoryView.swift */,
				D1A2B3D4E5F607182939A104 /* ReceiptView.swift */,
			);
			path = Money;
			sourceTree = "<group>";
		};
		D2A2B3D4E5F607182939A002 /* System */ = {
			isa = PBXGroup;
			children = (
				D1A2B3D4E5F607182939A106 /* NotificationsView.swift */,
			);
			path = System;
			sourceTree = "<group>";
		};
		A1ED6517D17B4A11BF8DC4BD /* Auth */ = {
			isa = PBXGroup;
			children = (
				BFAA646ED2A14D74B6F1D3F3 /* AuthViews.swift */,
			);
			path = Auth;
			sourceTree = "<group>";
		};
		E2F1F11FDE2A4B948345B3F8 /* Commute */ = {
			isa = PBXGroup;
			children = (
				123335A343CD4FE28C4A4A15 /* FindCommuteRoutesView.swift */,
				FF64891677064CC782317447 /* RouteDetailsView.swift */,
				BB4DBF8769834603B3305C94 /* SubscriptionsCalendarViews.swift */,
				D1A2B3D4E5F607182939A105 /* BookingConfirmedView.swift */,
				D1A2B3D4E5F607182939A107 /* RateRideView.swift */,
				D1A2B3D4E5F607182939A108 /* SearchFiltersView.swift */,
			);
			path = Commute;
			sourceTree = "<group>";
		};
		781A9A6B86934889B5D6A777 /* Driver */ = {
			isa = PBXGroup;
			children = (
				D677B91474B545D29D9021EE /* DriverViews.swift */,
			);
			path = Driver;
			sourceTree = "<group>";
		};
		84431575C694410091DD6F97 /* Inbox */ = {
			isa = PBXGroup;
			children = (
				2680833C414747629762255E /* InboxViews.swift */,
			);
			path = Inbox;
			sourceTree = "<group>";
		};
		A5786BD3D17F4E019566B119 /* Profile */ = {
			isa = PBXGroup;
			children = (
				62D381ED090343EAADD8D29E /* ProfileViews.swift */,
			);
			path = Profile;
			sourceTree = "<group>";
		};
		1A2B3C4D5E6F708190A0B0C8 /* Products */ = {
			isa = PBXGroup;
			children = (
				1A2B3C4D5E6F708190A0B0C4 /* TravelComposeApp.app */,
			);
			name = Products;
			sourceTree = "<group>";
		};
/* End PBXGroup section */

/* Begin PBXNativeTarget section */
		1A2B3C4D5E6F708190A0B0C9 /* TravelComposeApp */ = {
			isa = PBXNativeTarget;
			buildConfigurationList = 1A2B3C4D5E6F708190A0B0D0 /* Build configuration list for PBXNativeTarget "TravelComposeApp" */;
			buildPhases = (
				1A2B3C4D5E6F708190A0B0D1 /* Sources */,
				1A2B3C4D5E6F708190A0B0C5 /* Frameworks */,
				1A2B3C4D5E6F708190A0B0D2 /* Resources */,
			);
			buildRules = (
			);
			dependencies = (
			);
			name = TravelComposeApp;
			productName = TravelComposeApp;
			productReference = 1A2B3C4D5E6F708190A0B0C4 /* TravelComposeApp.app */;
			productType = "com.apple.product-type.application";
		};
/* End PBXNativeTarget section */

/* Begin PBXProject section */
		1A2B3C4D5E6F708190A0B0D3 /* Project object */ = {
			isa = PBXProject;
			attributes = {
				BuildIndependentTargetsInParallel = 1;
				LastSwiftUpdateCheck = 1600;
				LastUpgradeCheck = 2640;
				TargetAttributes = {
					1A2B3C4D5E6F708190A0B0C9 = {
						CreatedOnToolsVersion = 16.0;
					};
				};
			};
			buildConfigurationList = 1A2B3C4D5E6F708190A0B0D4 /* Build configuration list for PBXProject "TravelComposeApp" */;
			compatibilityVersion = "Xcode 14.0";
			developmentRegion = en;
			hasScannedForEncodings = 0;
			knownRegions = (
				en,
				Base,
			);
			mainGroup = 1A2B3C4D5E6F708190A0B0C6;
			productRefGroup = 1A2B3C4D5E6F708190A0B0C8 /* Products */;
			projectDirPath = "";
			projectRoot = "";
			targets = (
				1A2B3C4D5E6F708190A0B0C9 /* TravelComposeApp */,
			);
		};
/* End PBXProject section */

/* Begin PBXResourcesBuildPhase section */
		1A2B3C4D5E6F708190A0B0D2 /* Resources */ = {
			isa = PBXResourcesBuildPhase;
			buildActionMask = 2147483647;
			files = (
				1A2B3C4D5E6F708190A0B0C3 /* Assets.xcassets in Resources */,
			);
			runOnlyForDeploymentPostprocessing = 0;
		};
/* End PBXResourcesBuildPhase section */

/* Begin PBXSourcesBuildPhase section */
		1A2B3C4D5E6F708190A0B0D1 /* Sources */ = {
			isa = PBXSourcesBuildPhase;
			buildActionMask = 2147483647;
			files = (
				1A2B3C4D5E6F708190A0B0C1 /* TravelComposeApp.swift in Sources */,
				FB2DA33A388A4E8596121D66 /* Models.swift in Sources */,
				D3B9BC04562F4DC2AA5509A6 /* DesignSystem.swift in Sources */,
				0F1E2D3C4B5A69788796A5B6 /* AppConfiguration.swift in Sources */,
				0AEAE7CC5FD8441E974D7073 /* APIClient.swift in Sources */,
				0F1E2D3C4B5A69788796A5B4 /* LocationService.swift in Sources */,
				C1A2B3D4E5F607182939A4B5 /* KeychainStore.swift in Sources */,
				D1A2B3D4E5F607182939A001 /* Polished.swift in Sources */,
				D1A2B3D4E5F607182939A002 /* WalletView.swift in Sources */,
				D1A2B3D4E5F607182939A003 /* TripHistoryView.swift in Sources */,
				D1A2B3D4E5F607182939A004 /* ReceiptView.swift in Sources */,
				D1A2B3D4E5F607182939A005 /* BookingConfirmedView.swift in Sources */,
				D1A2B3D4E5F607182939A006 /* NotificationsView.swift in Sources */,
				D1A2B3D4E5F607182939A007 /* RateRideView.swift in Sources */,
				D1A2B3D4E5F607182939A008 /* SearchFiltersView.swift in Sources */,
				8C72B5DB38434FC7B1D2AACF /* AppStore.swift in Sources */,
				7835DE983BEB46AEAD50F593 /* AuthViews.swift in Sources */,
				87F1C5DB4A68483A85FCE63E /* FindCommuteRoutesView.swift in Sources */,
				432FC1B12BEC4ADF94D17EC6 /* RouteDetailsView.swift in Sources */,
				F5D9BCE52222467ABF2F6B7F /* SubscriptionsCalendarViews.swift in Sources */,
				A9A84658A0F84E90A455AA7D /* DriverViews.swift in Sources */,
				1D03BA0BB1954F6AAC480339 /* InboxViews.swift in Sources */,
				D4248259CEB249D09527745C /* ProfileViews.swift in Sources */,
				07D37C2480054FB6B660CB1A /* Navigation.swift in Sources */,

			);
			runOnlyForDeploymentPostprocessing = 0;
		};
/* End PBXSourcesBuildPhase section */

/* Begin XCBuildConfiguration section */
		1A2B3C4D5E6F708190A0B0D5 /* Debug */ = {
			isa = XCBuildConfiguration;
			buildSettings = {
				ALWAYS_SEARCH_USER_PATHS = NO;
				CLANG_ANALYZER_NONNULL = YES;
				CLANG_ANALYZER_NUMBER_OBJECT_CONVERSION = YES_AGGRESSIVE;
				CLANG_CXX_LANGUAGE_STANDARD = "gnu++20";
				CLANG_ENABLE_MODULES = YES;
				CLANG_ENABLE_OBJC_ARC = YES;
				CLANG_ENABLE_OBJC_WEAK = YES;
				CLANG_WARN_BLOCK_CAPTURE_AUTORELEASING = YES;
				CLANG_WARN_BOOL_CONVERSION = YES;
				CLANG_WARN_COMMA = YES;
				CLANG_WARN_CONSTANT_CONVERSION = YES;
				CLANG_WARN_DEPRECATED_OBJC_IMPLEMENTATIONS = YES;
				CLANG_WARN_DIRECT_OBJC_ISA_USAGE = YES_ERROR;
				CLANG_WARN_DOCUMENTATION_COMMENTS = YES;
				CLANG_WARN_EMPTY_BODY = YES;
				CLANG_WARN_ENUM_CONVERSION = YES;
				CLANG_WARN_INFINITE_RECURSION = YES;
				CLANG_WARN_INT_CONVERSION = YES;
				CLANG_WARN_NON_LITERAL_NULL_CONVERSION = YES;
				CLANG_WARN_OBJC_IMPLICIT_RETAIN_SELF = YES;
				CLANG_WARN_OBJC_LITERAL_CONVERSION = YES;
				CLANG_WARN_OBJC_ROOT_CLASS = YES_ERROR;
				CLANG_WARN_QUOTED_INCLUDE_IN_FRAMEWORK_HEADER = YES;
				CLANG_WARN_RANGE_LOOP_ANALYSIS = YES;
				CLANG_WARN_STRICT_PROTOTYPES = YES;
				CLANG_WARN_SUSPICIOUS_MOVE = YES;
				CLANG_WARN_UNGUARDED_AVAILABILITY = YES_AGGRESSIVE;
				CLANG_WARN_UNREACHABLE_CODE = YES;
				CLANG_WARN__DUPLICATE_METHOD_MATCH = YES;
				COPY_PHASE_STRIP = NO;
				DEBUG_INFORMATION_FORMAT = dwarf;
				DEVELOPMENT_TEAM = M526HF238D;
				ENABLE_STRICT_OBJC_MSGSEND = YES;
				ENABLE_TESTABILITY = YES;
				ENABLE_USER_SCRIPT_SANDBOXING = YES;
				GCC_C_LANGUAGE_STANDARD = gnu17;
				GCC_DYNAMIC_NO_PIC = NO;
				GCC_NO_COMMON_BLOCKS = YES;
				GCC_OPTIMIZATION_LEVEL = 0;
				GCC_PREPROCESSOR_DEFINITIONS = (
					"DEBUG=1",
					"$(inherited)",
				);
				GCC_WARN_64_TO_32_BIT_CONVERSION = YES;
				GCC_WARN_ABOUT_RETURN_TYPE = YES_ERROR;
				GCC_WARN_UNDECLARED_SELECTOR = YES;
				GCC_WARN_UNINITIALIZED_AUTOS = YES_AGGRESSIVE;
				GCC_WARN_UNUSED_FUNCTION = YES;
				GCC_WARN_UNUSED_VARIABLE = YES;
				IPHONEOS_DEPLOYMENT_TARGET = 26.0;
				LOCALIZATION_PREFERS_STRING_CATALOGS = YES;
				MTL_ENABLE_DEBUG_INFO = INCLUDE_SOURCE;
				MTL_FAST_MATH = YES;
				ONLY_ACTIVE_ARCH = YES;
				SDKROOT = iphoneos;
				STRING_CATALOG_GENERATE_SYMBOLS = YES;
				SWIFT_ACTIVE_COMPILATION_CONDITIONS = DEBUG;
				SWIFT_OPTIMIZATION_LEVEL = "-Onone";
			};
			name = Debug;
		};
		1A2B3C4D5E6F708190A0B0D6 /* Release */ = {
			isa = XCBuildConfiguration;
			buildSettings = {
				ALWAYS_SEARCH_USER_PATHS = NO;
				CLANG_ANALYZER_NONNULL = YES;
				CLANG_ANALYZER_NUMBER_OBJECT_CONVERSION = YES_AGGRESSIVE;
				CLANG_CXX_LANGUAGE_STANDARD = "gnu++20";
				CLANG_ENABLE_MODULES = YES;
				CLANG_ENABLE_OBJC_ARC = YES;
				CLANG_ENABLE_OBJC_WEAK = YES;
				CLANG_WARN_BLOCK_CAPTURE_AUTORELEASING = YES;
				CLANG_WARN_BOOL_CONVERSION = YES;
				CLANG_WARN_COMMA = YES;
				CLANG_WARN_CONSTANT_CONVERSION = YES;
				CLANG_WARN_DEPRECATED_OBJC_IMPLEMENTATIONS = YES;
				CLANG_WARN_DIRECT_OBJC_ISA_USAGE = YES_ERROR;
				CLANG_WARN_DOCUMENTATION_COMMENTS = YES;
				CLANG_WARN_EMPTY_BODY = YES;
				CLANG_WARN_ENUM_CONVERSION = YES;
				CLANG_WARN_INFINITE_RECURSION = YES;
				CLANG_WARN_INT_CONVERSION = YES;
				CLANG_WARN_NON_LITERAL_NULL_CONVERSION = YES;
				CLANG_WARN_OBJC_IMPLICIT_RETAIN_SELF = YES;
				CLANG_WARN_OBJC_LITERAL_CONVERSION = YES;
				CLANG_WARN_OBJC_ROOT_CLASS = YES_ERROR;
				CLANG_WARN_QUOTED_INCLUDE_IN_FRAMEWORK_HEADER = YES;
				CLANG_WARN_RANGE_LOOP_ANALYSIS = YES;
				CLANG_WARN_STRICT_PROTOTYPES = YES;
				CLANG_WARN_SUSPICIOUS_MOVE = YES;
				CLANG_WARN_UNGUARDED_AVAILABILITY = YES_AGGRESSIVE;
				CLANG_WARN_UNREACHABLE_CODE = YES;
				CLANG_WARN__DUPLICATE_METHOD_MATCH = YES;
				COPY_PHASE_STRIP = NO;
				DEBUG_INFORMATION_FORMAT = "dwarf-with-dsym";
				DEVELOPMENT_TEAM = M526HF238D;
				ENABLE_NS_ASSERTIONS = NO;
				ENABLE_STRICT_OBJC_MSGSEND = YES;
				ENABLE_USER_SCRIPT_SANDBOXING = YES;
				GCC_C_LANGUAGE_STANDARD = gnu17;
				GCC_NO_COMMON_BLOCKS = YES;
				GCC_WARN_64_TO_32_BIT_CONVERSION = YES;
				GCC_WARN_ABOUT_RETURN_TYPE = YES_ERROR;
				GCC_WARN_UNDECLARED_SELECTOR = YES;
				GCC_WARN_UNINITIALIZED_AUTOS = YES_AGGRESSIVE;
				GCC_WARN_UNUSED_FUNCTION = YES;
				GCC_WARN_UNUSED_VARIABLE = YES;
				IPHONEOS_DEPLOYMENT_TARGET = 26.0;
				LOCALIZATION_PREFERS_STRING_CATALOGS = YES;
				MTL_ENABLE_DEBUG_INFO = NO;
				MTL_FAST_MATH = YES;
				SDKROOT = iphoneos;
				STRING_CATALOG_GENERATE_SYMBOLS = YES;
				SWIFT_COMPILATION_MODE = wholemodule;
				SWIFT_OPTIMIZATION_LEVEL = "-O";
				VALIDATE_PRODUCT = YES;
			};
			name = Release;
		};
		1A2B3C4D5E6F708190A0B0D7 /* Debug */ = {
			isa = XCBuildConfiguration;
			buildSettings = {
				ASSETCATALOG_COMPILER_APPICON_NAME = AppIcon;
				ASSETCATALOG_COMPILER_GLOBAL_ACCENT_COLOR_NAME = AccentColor;
				CODE_SIGN_STYLE = Automatic;
				CURRENT_PROJECT_VERSION = 1;
				DEVELOPMENT_ASSET_PATHS = "";
				ENABLE_PREVIEWS = YES;
				GENERATE_INFOPLIST_FILE = YES;
				INFOPLIST_KEY_CFBundleDisplayName = Voygo;
				INFOPLIST_KEY_LSApplicationCategoryType = "public.app-category.travel";
				INFOPLIST_KEY_NSLocationWhenInUseUsageDescription = "Voygo uses your location to suggest nearby commute pickup and drop-off points.";
				INFOPLIST_KEY_UIApplicationSceneManifest_Generation = YES;
				INFOPLIST_KEY_UIApplicationSupportsIndirectInputEvents = YES;
				INFOPLIST_KEY_UILaunchScreen_Generation = YES;
				INFOPLIST_KEY_UISupportedInterfaceOrientations_iPad = "UIInterfaceOrientationPortrait UIInterfaceOrientationPortraitUpsideDown UIInterfaceOrientationLandscapeLeft UIInterfaceOrientationLandscapeRight";
				INFOPLIST_KEY_UISupportedInterfaceOrientations_iPhone = "UIInterfaceOrientationPortrait UIInterfaceOrientationLandscapeLeft UIInterfaceOrientationLandscapeRight";
				LD_RUNPATH_SEARCH_PATHS = (
					"$(inherited)",
					"@executable_path/Frameworks",
				);
				MARKETING_VERSION = 1.0;
				PRODUCT_BUNDLE_IDENTIFIER = com.voygo.travelcomposeapp;
				PRODUCT_NAME = "$(TARGET_NAME)";
				SUPPORTED_PLATFORMS = "iphoneos iphonesimulator";
				SUPPORTS_MACCATALYST = NO;
				SWIFT_EMIT_LOC_STRINGS = YES;
				SWIFT_VERSION = 6.0;
				TARGETED_DEVICE_FAMILY = "1,2";
			};
			name = Debug;
		};
		1A2B3C4D5E6F708190A0B0D8 /* Release */ = {
			isa = XCBuildConfiguration;
			buildSettings = {
				ASSETCATALOG_COMPILER_APPICON_NAME = AppIcon;
				ASSETCATALOG_COMPILER_GLOBAL_ACCENT_COLOR_NAME = AccentColor;
				CODE_SIGN_STYLE = Automatic;
				CURRENT_PROJECT_VERSION = 1;
				DEVELOPMENT_ASSET_PATHS = "";
				ENABLE_PREVIEWS = YES;
				GENERATE_INFOPLIST_FILE = YES;
				INFOPLIST_KEY_CFBundleDisplayName = Voygo;
				INFOPLIST_KEY_LSApplicationCategoryType = "public.app-category.travel";
				INFOPLIST_KEY_NSLocationWhenInUseUsageDescription = "Voygo uses your location to suggest nearby commute pickup and drop-off points.";
				INFOPLIST_KEY_UIApplicationSceneManifest_Generation = YES;
				INFOPLIST_KEY_UIApplicationSupportsIndirectInputEvents = YES;
				INFOPLIST_KEY_UILaunchScreen_Generation = YES;
				INFOPLIST_KEY_UISupportedInterfaceOrientations_iPad = "UIInterfaceOrientationPortrait UIInterfaceOrientationPortraitUpsideDown UIInterfaceOrientationLandscapeLeft UIInterfaceOrientationLandscapeRight";
				INFOPLIST_KEY_UISupportedInterfaceOrientations_iPhone = "UIInterfaceOrientationPortrait UIInterfaceOrientationLandscapeLeft UIInterfaceOrientationLandscapeRight";
				LD_RUNPATH_SEARCH_PATHS = (
					"$(inherited)",
					"@executable_path/Frameworks",
				);
				MARKETING_VERSION = 1.0;
				PRODUCT_BUNDLE_IDENTIFIER = com.voygo.travelcomposeapp;
				PRODUCT_NAME = "$(TARGET_NAME)";
				SUPPORTED_PLATFORMS = "iphoneos iphonesimulator";
				SUPPORTS_MACCATALYST = NO;
				SWIFT_EMIT_LOC_STRINGS = YES;
				SWIFT_VERSION = 6.0;
				TARGETED_DEVICE_FAMILY = "1,2";
			};
			name = Release;
		};
/* End XCBuildConfiguration section */

/* Begin XCConfigurationList section */
		1A2B3C4D5E6F708190A0B0D0 /* Build configuration list for PBXNativeTarget "TravelComposeApp" */ = {
			isa = XCConfigurationList;
			buildConfigurations = (
				1A2B3C4D5E6F708190A0B0D7 /* Debug */,
				1A2B3C4D5E6F708190A0B0D8 /* Release */,
			);
			defaultConfigurationIsVisible = 0;
			defaultConfigurationName = Release;
		};
		1A2B3C4D5E6F708190A0B0D4 /* Build configuration list for PBXProject "TravelComposeApp" */ = {
			isa = XCConfigurationList;
			buildConfigurations = (
				1A2B3C4D5E6F708190A0B0D5 /* Debug */,
				1A2B3C4D5E6F708190A0B0D6 /* Release */,
			);
			defaultConfigurationIsVisible = 0;
			defaultConfigurationName = Release;
		};
/* End XCConfigurationList section */
	};
	rootObject = 1A2B3C4D5E6F708190A0B0D3 /* Project object */;
}
